github.com/go-ego/gse v0.80.3 h1:YNFkjMhlhQnUeuoFcUEd1ivh6SOB764rT8GDsEbDiEg=
github.com/go-ego/gse v0.80.3/go.mod h1:Gt3A9Ry1Eso2Kza4MRaiZ7f2DTAvActmETY46Lxg0gU=
github.com/tencent/vectordatabase-sdk-go v1.8.4 h1:jVATTavFzDypX/TOx+eNrOJk7DcOA0U8REH5NEIC2bs=
github.com/tencent/vectordatabase-sdk-go v1.8.4/go.mod h1:cb53Vbd9Lnh3mA1CwqV9Jy8MrNsxpIUlrhzBiBE7A2M=
github.com/vcaesar/cedar v0.20.2 h1:TDx7AdZhilKcfE1WvdToTJf5VrC/FXcUOW+KY1upLZ4=
github.com/vcaesar/cedar v0.20.2/go.mod h1:lyuGvALuZZDPNXwpzv/9LyxW+8Y6faN7zauFezNsnik=
